
Microsoft Visual Studio Solution File, Format Version 12.00
# Visual Studio 14
VisualStudioVersion = 14.0.24720.0
MinimumVisualStudioVersion = 10.0.40219.1
Project("{2150E333-8FDC-42A3-9474-1A3956D46DE8}") = "src", "src", "{F372D04B-9658-40D2-A512-54C090628077}"
EndProject
Project("{2150E333-8FDC-42A3-9474-1A3956D46DE8}") = "Solution Items", "Solution Items", "{0E18512B-ED4A-4B13-8CA1-0B348F6D003F}"
	ProjectSection(SolutionItems) = preProject
		global.json = global.json
	EndProjectSection
EndProject
Project("{8BB2217D-0F2D-49D1-97BC-3654ED321F3B}") = "InsuranceBroker", "src\InsuranceBroker\InsuranceBroker.xproj", "{D962CDD7-1AAC-4053-91FD-D45F9BD4D22B}"
EndProject
Project("{FAE04EC0-301F-11D3-BF4B-00C04F79EFBC}") = "InsuranceBroker.DataRepository", "src\InsuranceBroker.DataRepository\InsuranceBroker.DataRepository.csproj", "{D16898A3-343B-4028-A36B-55B6A72D9083}"
EndProject
Project("{FAE04EC0-301F-11D3-BF4B-00C04F79EFBC}") = "InsuranceBroker.Test", "src\InsuranceBroker.Test\InsuranceBroker.Test.csproj", "{ECA05063-A508-412F-9D99-BDEA1DA51180}"
EndProject
Project("{FAE04EC0-301F-11D3-BF4B-00C04F79EFBC}") = "InsuranceBroker.DomainServices", "src\InsuranceBroker.DomainServices\InsuranceBroker.DomainServices.csproj", "{4BBD93C3-D632-4A09-BC71-27E5FD5D51D3}"
EndProject
Global
	GlobalSection(SolutionConfigurationPlatforms) = preSolution
		Debug|Any CPU = Debug|Any CPU
		Release|Any CPU = Release|Any CPU
	EndGlobalSection
	GlobalSection(ProjectConfigurationPlatforms) = postSolution
		{D962CDD7-1AAC-4053-91FD-D45F9BD4D22B}.Debug|Any CPU.ActiveCfg = Debug|Any CPU
		{D962CDD7-1AAC-4053-91FD-D45F9BD4D22B}.Debug|Any CPU.Build.0 = Debug|Any CPU
		{D962CDD7-1AAC-4053-91FD-D45F9BD4D22B}.Release|Any CPU.ActiveCfg = Release|Any CPU
		{D962CDD7-1AAC-4053-91FD-D45F9BD4D22B}.Release|Any CPU.Build.0 = Release|Any CPU
		{D16898A3-343B-4028-A36B-55B6A72D9083}.Debug|Any CPU.ActiveCfg = Debug|Any CPU
		{D16898A3-343B-4028-A36B-55B6A72D9083}.Debug|Any CPU.Build.0 = Debug|Any CPU
		{D16898A3-343B-4028-A36B-55B6A72D9083}.Release|Any CPU.ActiveCfg = Release|Any CPU
		{D16898A3-343B-4028-A36B-55B6A72D9083}.Release|Any CPU.Build.0 = Release|Any CPU
		{ECA05063-A508-412F-9D99-BDEA1DA51180}.Debug|Any CPU.ActiveCfg = Debug|Any CPU
		{ECA05063-A508-412F-9D99-BDEA1DA51180}.Debug|Any CPU.Build.0 = Debug|Any CPU
		{ECA05063-A508-412F-9D99-BDEA1DA51180}.Release|Any CPU.ActiveCfg = Release|Any CPU
		{ECA05063-A508-412F-9D99-BDEA1DA51180}.Release|Any CPU.Build.0 = Release|Any CPU
		{4BBD93C3-D632-4A09-BC71-27E5FD5D51D3}.Debug|Any CPU.ActiveCfg = Debug|Any CPU
		{4BBD93C3-D632-4A09-BC71-27E5FD5D51D3}.Debug|Any CPU.Build.0 = Debug|Any CPU
		{4BBD93C3-D632-4A09-BC71-27E5FD5D51D3}.Release|Any CPU.ActiveCfg = Release|Any CPU
		{4BBD93C3-D632-4A09-BC71-27E5FD5D51D3}.Release|Any CPU.Build.0 = Release|Any CPU
	EndGlobalSection
	GlobalSection(SolutionProperties) = preSolution
		HideSolutionNode = FALSE
	EndGlobalSection
	GlobalSection(NestedProjects) = preSolution
		{D962CDD7-1AAC-4053-91FD-D45F9BD4D22B} = {F372D04B-9658-40D2-A512-54C090628077}
		{D16898A3-343B-4028-A36B-55B6A72D9083} = {F372D04B-9658-40D2-A512-54C090628077}
		{ECA05063-A508-412F-9D99-BDEA1DA51180} = {F372D04B-9658-40D2-A512-54C090628077}
		{4BBD93C3-D632-4A09-BC71-27E5FD5D51D3} = {F372D04B-9658-40D2-A512-54C090628077}
	EndGlobalSection
EndGlobal
